// !$*UTF8*$!
{
	archiveVersion = 1;
	classes = {
	};
	objectVersion = 56;
	objects = {

/* Begin PBXBuildFile section */
		6C7B95152C9A640C00C44D21 /* Assets.xcassets in Resources */ = {isa = PBXBuildFile; fileRef = 6C7B95142C9A640C00C44D21 /* Assets.xcassets */; };
		6C7B95252C9A640C00C44D21 /* RayTracerTests.mm in Sources */ = {isa = PBXBuildFile; fileRef = 6C7B95242C9A640C00C44D21 /* RayTracerTests.mm */; };
		6C7B952F2C9A640C00C44D21 /* RayTracerUITests.m in Sources */ = {isa = PBXBuildFile; fileRef = 6C7B952E2C9A640C00C44D21 /* RayTracerUITests.m */; };
		6C7B95312C9A640C00C44D21 /* RayTracerUITestsLaunchTests.m in Sources */ = {isa = PBXBuildFile; fileRef = 6C7B95302C9A640C00C44D21 /* RayTracerUITestsLaunchTests.m */; };
		6C7B953E2C9A659500C44D21 /* main.cpp in Sources */ = {isa = PBXBuildFile; fileRef = 6C7B953D2C9A659500C44D21 /* main.cpp */; };
		6C7B95442C9A666900C44D21 /* SDL2.framework in Frameworks */ = {isa = PBXBuildFile; fileRef = 6C7B95412C9A666900C44D21 /* SDL2.framework */; };
		6C7B95452C9A666900C44D21 /* SDL2.framework in Embed Frameworks */ = {isa = PBXBuildFile; fileRef = 6C7B95412C9A666900C44D21 /* SDL2.framework */; settings = {ATTRIBUTES = (CodeSignOnCopy, RemoveHeadersOnCopy, ); }; };
		CDFA2D0C90A0A4E1D72BDBD0 /* framebuffer.cpp in Sources */ = {isa = PBXBuildFile; fileRef = 661F004DC70EDF1808F6FA2E /* framebuffer.cpp */; };
		58395C74BBE8EC9DB30BFEAE /* integrator.cpp in Sources */ = {isa = PBXBuildFile; fileRef = 0223FC7FAC6625FC303392B0 /* integrator.cpp */; };
		C14DA11F5223CB60208C9F5D /* renderer.cpp in Sources */ = {isa = PBXBuildFile; fileRef = 7F4EE3A7CE879C6057DF6C98 /* renderer.cpp */; };
		CEF3E328144FA4AAFF69E776 /* scene.cpp in Sources */ = {isa = PBXBuildFile; fileRef = 8647DBF8952BDDBDD8C8EAF1 /* scene.cpp */; };
		8271B81AA84B43FB22D921B1 /* sdl_window.cpp in Sources */ = {isa = PBXBuildFile; fileRef = 0E58D480C461D536E14D91D4 /* sdl_window.cpp */; };
		0F3CA6A56B68E9C8148808E4 /* mesh.cpp in Sources */ = {isa = PBXBuildFile; fileRef = 35BDB9DDD966837ADC61929B /* mesh.cpp */; };
		37A1DEFAEBF15F5FA052EBB0 /* caustics.cpp in Sources */ = {isa = PBXBuildFile; fileRef = 7033396FE83F057AD755C613 /* caustics.cpp */; };
		EEC7FAC27E535FB3F3F3FF5B /* denoiser.cpp in Sources */ = {isa = PBXBuildFile; fileRef = C3099B61735F586A8549EF81 /* denoiser.cpp */; };
/* End PBXBuildFile section */

/* Begin PBXContainerItemProxy section */
		6C7B95212C9A640C00C44D21 /* PBXContainerItemProxy */ = {
			isa = PBXContainerItemProxy;
			containerPortal = 6C7B95002C9A640A00C44D21 /* Project object */;
			proxyType = 1;
			remoteGlobalIDString = 6C7B95072C9A640A00C44D21;
			remoteInfo = RayTracer;
		};
		6C7B952B2C9A640C00C44D21 /* PBXContainerItemProxy */ = {
			isa = PBXContainerItemProxy;
			containerPortal = 6C7B95002C9A640A00C44D21 /* Project object */;
			proxyType = 1;
			remoteGlobalIDString = 6C7B95072C9A640A00C44D21;
			remoteInfo = RayTracer;
		};
/* End PBXContainerItemProxy section */

/* Begin PBXCopyFilesBuildPhase section */
		6C7B95462C9A666900C44D21 /* Embed Frameworks */ = {
			isa = PBXCopyFilesBuildPhase;
			buildActionMask = 2147483647;
			dstPath = "";
			dstSubfolderSpec = 10;
			files = (
				6C7B95452C9A666900C44D21 /* SDL2.framework in Embed Frameworks */,
			);
			name = "Embed Frameworks";
			runOnlyForDeploymentPostprocessing = 0;
		};
/* End PBXCopyFilesBuildPhase section */

/* Begin PBXFileReference section */
		6C423B9F2CA218570014C2EC /* cube.h */ = {isa = PBXFileReference; lastKnownFileType = sourcecode.c.h; path = cube.h; sourceTree = "<group>"; };
		6C423BA02CA397B50014C2EC /* light.h */ = {isa = PBXFileReference; lastKnownFileType = sourcecode.c.h; path = light.h; sourceTree = "<group>"; };
		6C754BBB2C9E8AE20096C59A /* interval.h */ = {isa = PBXFileReference; lastKnownFileType = sourcecode.c.h; path = interval.h; sourceTree = "<group>"; };
		6C754BBC2C9E8BA00096C59A /* camera.h */ = {isa = PBXFileReference; lastKnownFileType = sourcecode.c.h; path = camera.h; sourceTree = "<group>"; };
		6C754BBD2C9F5D360096C59A /* material.h */ = {isa = PBXFileReference; lastKnownFileType = sourcecode.c.h; path = material.h; sourceTree = "<group>"; };
		6C7B95082C9A640A00C44D21 /* RayTracer.app */ = {isa = PBXFileReference; explicitFileType = wrapper.application; includeInIndex = 0; path = RayTracer.app; sourceTree = BUILT_PRODUCTS_DIR; };
		6C7B95142C9A640C00C44D21 /* Assets.xcassets */ = {isa = PBXFileReference; lastKnownFileType = folder.assetcatalog; path = Assets.xcassets; sourceTree = "<group>"; };
		6C7B95202C9A640C00C44D21 /* RayTracerTests.xctest */ = {isa = PBXFileReference; explicitFileType = wrapper.cfbundle; includeInIndex = 0; path = RayTracerTests.xctest; sourceTree = BUILT_PRODUCTS_DIR; };
		6C7B95242C9A640C00C44D21 /* RayTracerTests.mm */ = {isa = PBXFileReference; lastKnownFileType = sourcecode.cpp.objcpp; path = RayTracerTests.mm; sourceTree = "<group>"; };
		6C7B952A2C9A640C00C44D21 /* RayTracerUITests.xctest */ = {isa = PBXFileReference; explicitFileType = wrapper.cfbundle; includeInIndex = 0; path = RayTracerUITests.xctest; sourceTree = BUILT_PRODUCTS_DIR; };
		6C7B952E2C9A640C00C44D21 /* RayTracerUITests.m */ = {isa = PBXFileReference; lastKnownFileType = sourcecode.c.objc; path = RayTracerUITests.m; sourceTree = "<group>"; };
		6C7B95302C9A640C00C44D21 /* RayTracerUITestsLaunchTests.m */ = {isa = PBXFileReference; lastKnownFileType = sourcecode.c.objc; path = RayTracerUITestsLaunchTests.m; sourceTree = "<group>"; };
		6C7B953D2C9A659500C44D21 /* main.cpp */ = {isa = PBXFileReference; fileEncoding = 4; lastKnownFileType = sourcecode.cpp.cpp; path = main.cpp; sourceTree = "<group>"; };
		6C7B95412C9A666900C44D21 /* SDL2.framework */ = {isa = PBXFileReference; lastKnownFileType = wrapper.framework; path = SDL2.framework; sourceTree = "<group>"; };
		6C7B95482C9B7ED300C44D21 /* vec3.h */ = {isa = PBXFileReference; lastKnownFileType = sourcecode.c.h; path = vec3.h; sourceTree = "<group>"; };
		6C7B95492C9B8F3300C44D21 /* color.h */ = {isa = PBXFileReference; lastKnownFileType = sourcecode.c.h; path = color.h; sourceTree = "<group>"; };
		6C7B954A2C9B90A300C44D21 /* ray.h */ = {isa = PBXFileReference; lastKnownFileType = sourcecode.c.h; path = ray.h; sourceTree = "<group>"; };
		6C7B954B2C9BDB3400C44D21 /* sphere.h */ = {isa = PBXFileReference; lastKnownFileType = sourcecode.c.h; path = sphere.h; sourceTree = "<group>"; };
		6C7B954C2C9BDBCB00C44D21 /* hittable_list.h */ = {isa = PBXFileReference; lastKnownFileType = sourcecode.c.h; path = hittable_list.h; sourceTree = "<group>"; };
		6C7B954E2C9CC7B900C44D21 /* headers_and_constants.h */ = {isa = PBXFileReference; lastKnownFileType = sourcecode.c.h; path = headers_and_constants.h; sourceTree = "<group>"; };
		6C7B954F2C9E31FB00C44D21 /* sdl_window.h */ = {isa = PBXFileReference; lastKnownFileType = sourcecode.c.h; path = sdl_window.h; sourceTree = "<group>"; };
		EC50A62BAA0F54E3C9474C6F /* aabb.h */ = {isa = PBXFileReference; lastKnownFileType = sourcecode.c.h; path = aabb.h; sourceTree = "<group>"; };
		3B864DC358CCFDAEA428541D /* bvh.h */ = {isa = PBXFileReference; lastKnownFileType = sourcecode.c.h; path = bvh.h; sourceTree = "<group>"; };
		0D790602C29B12BE68A8E989 /* constants.h */ = {isa = PBXFileReference; lastKnownFileType = sourcecode.c.h; path = constants.h; sourceTree = "<group>"; };
		661F004DC70EDF1808F6FA2E /* framebuffer.cpp */ = {isa = PBXFileReference; lastKnownFileType = sourcecode.cpp.cpp; path = framebuffer.cpp; sourceTree = "<group>"; };
		1A00224E6691AAB00E929C86 /* framebuffer.h */ = {isa = PBXFileReference; lastKnownFileType = sourcecode.c.h; path = framebuffer.h; sourceTree = "<group>"; };
		EFF91C8E156CF30602ED4482 /* hittable.h */ = {isa = PBXFileReference; lastKnownFileType = sourcecode.c.h; path = hittable.h; sourceTree = "<group>"; };
		0223FC7FAC6625FC303392B0 /* integrator.cpp */ = {isa = PBXFileReference; lastKnownFileType = sourcecode.cpp.cpp; path = integrator.cpp; sourceTree = "<group>"; };
		B1EC617311099981A029E14E /* integrator.h */ = {isa = PBXFileReference; lastKnownFileType = sourcecode.c.h; path = integrator.h; sourceTree = "<group>"; };
		21749268BC6D3E24F2C5F2ED /* quad.h */ = {isa = PBXFileReference; lastKnownFileType = sourcecode.c.h; path = quad.h; sourceTree = "<group>"; };
		7F4EE3A7CE879C6057DF6C98 /* renderer.cpp */ = {isa = PBXFileReference; lastKnownFileType = sourcecode.cpp.cpp; path = renderer.cpp; sourceTree = "<group>"; };
		52981BF5764E3335B7FFAE5D /* renderer.h */ = {isa = PBXFileReference; lastKnownFileType = sourcecode.c.h; path = renderer.h; sourceTree = "<group>"; };
		D801A086DC479B625BC47161 /* sampler.h */ = {isa = PBXFileReference; lastKnownFileType = sourcecode.c.h; path = sampler.h; sourceTree = "<group>"; };
		8647DBF8952BDDBDD8C8EAF1 /* scene.cpp */ = {isa = PBXFileReference; lastKnownFileType = sourcecode.cpp.cpp; path = scene.cpp; sourceTree = "<group>"; };
		8ACF866F4F3C6D399244F511 /* scene.h */ = {isa = PBXFileReference; lastKnownFileType = sourcecode.c.h; path = scene.h; sourceTree = "<group>"; };
		0E58D480C461D536E14D91D4 /* sdl_window.cpp */ = {isa = PBXFileReference; lastKnownFileType = sourcecode.cpp.cpp; path = sdl_window.cpp; sourceTree = "<group>"; };
		6B432E800842BC8A938A9AFF /* texture.h */ = {isa = PBXFileReference; lastKnownFileType = sourcecode.c.h; path = texture.h; sourceTree = "<group>"; };
		35BDB9DDD966837ADC61929B /* mesh.cpp */ = {isa = PBXFileReference; lastKnownFileType = sourcecode.cpp.cpp; path = mesh.cpp; sourceTree = "<group>"; };
		D0DCD420442EA6CA10A09D02 /* mesh.h */ = {isa = PBXFileReference; lastKnownFileType = sourcecode.c.h; path = mesh.h; sourceTree = "<group>"; };
		2DD1B1A6DC553719642E0DE6 /* triangle.h */ = {isa = PBXFileReference; lastKnownFileType = sourcecode.c.h; path = triangle.h; sourceTree = "<group>"; };
		7033396FE83F057AD755C613 /* caustics.cpp */ = {isa = PBXFileReference; lastKnownFileType = sourcecode.cpp.cpp; path = caustics.cpp; sourceTree = "<group>"; };
		AE1801E702611133F178ED8D /* caustics.h */ = {isa = PBXFileReference; lastKnownFileType = sourcecode.c.h; path = caustics.h; sourceTree = "<group>"; };
		C3099B61735F586A8549EF81 /* denoiser.cpp */ = {isa = PBXFileReference; lastKnownFileType = sourcecode.cpp.cpp; path = denoiser.cpp; sourceTree = "<group>"; };
		BE5D970A5C7FF910A8AE85F8 /* denoiser.h */ = {isa = PBXFileReference; lastKnownFileType = sourcecode.c.h; path = denoiser.h; sourceTree = "<group>"; };
/* End PBXFileReference section */

/* Begin PBXFrameworksBuildPhase section */
		6C7B95052C9A640A00C44D21 /* Frameworks */ = {
			isa = PBXFrameworksBuildPhase;
			buildActionMask = 2147483647;
			files = (
				6C7B95442C9A666900C44D21 /* SDL2.framework in Frameworks */,
			);
			runOnlyForDeploymentPostprocessing = 0;
		};
		6C7B951D2C9A640C00C44D21 /* Frameworks */ = {
			isa = PBXFrameworksBuildPhase;
			buildActionMask = 2147483647;
			files = (
			);
			runOnlyForDeploymentPostprocessing = 0;
		};
		6C7B95272C9A640C00C44D21 /* Frameworks */ = {
			isa = PBXFrameworksBuildPhase;
			buildActionMask = 2147483647;
			files = (
			);
			runOnlyForDeploymentPostprocessing = 0;
		};
/* End PBXFrameworksBuildPhase section */

/* Begin PBXGroup section */
		6C7B94FF2C9A640A00C44D21 = {
			isa = PBXGroup;
			children = (
				6C7B950A2C9A640A00C44D21 /* RayTracer */,
				6C7B95232C9A640C00C44D21 /* RayTracerTests */,
				6C7B952D2C9A640C00C44D21 /* RayTracerUITests */,
				6C7B95092C9A640A00C44D21 /* Products */,
				6C7B953F2C9A666800C44D21 /* Frameworks */,
			);
			sourceTree = "<group>";
		};
		6C7B95092C9A640A00C44D21 /* Products */ = {
			isa = PBXGroup;
			children = (
				6C7B95082C9A640A00C44D21 /* RayTracer.app */,
				6C7B95202C9A640C00C44D21 /* RayTracerTests.xctest */,
				6C7B952A2C9A640C00C44D21 /* RayTracerUITests.xctest */,
			);
			name = Products;
			sourceTree = "<group>";
		};
		6C7B950A2C9A640A00C44D21 /* RayTracer */ = {
			isa = PBXGroup;
			children = (
				6C7B953D2C9A659500C44D21 /* main.cpp */,
				BE5D970A5C7FF910A8AE85F8 /* denoiser.h */,
				C3099B61735F586A8549EF81 /* denoiser.cpp */,
				AE1801E702611133F178ED8D /* caustics.h */,
				7033396FE83F057AD755C613 /* caustics.cpp */,
				2DD1B1A6DC553719642E0DE6 /* triangle.h */,
				D0DCD420442EA6CA10A09D02 /* mesh.h */,
				35BDB9DDD966837ADC61929B /* mesh.cpp */,
				EC50A62BAA0F54E3C9474C6F /* aabb.h */,
				3B864DC358CCFDAEA428541D /* bvh.h */,
				0D790602C29B12BE68A8E989 /* constants.h */,
				661F004DC70EDF1808F6FA2E /* framebuffer.cpp */,
				1A00224E6691AAB00E929C86 /* framebuffer.h */,
				EFF91C8E156CF30602ED4482 /* hittable.h */,
				0223FC7FAC6625FC303392B0 /* integrator.cpp */,
				B1EC617311099981A029E14E /* integrator.h */,
				21749268BC6D3E24F2C5F2ED /* quad.h */,
				7F4EE3A7CE879C6057DF6C98 /* renderer.cpp */,
				52981BF5764E3335B7FFAE5D /* renderer.h */,
				D801A086DC479B625BC47161 /* sampler.h */,
				8647DBF8952BDDBDD8C8EAF1 /* scene.cpp */,
				8ACF866F4F3C6D399244F511 /* scene.h */,
				0E58D480C461D536E14D91D4 /* sdl_window.cpp */,
				6B432E800842BC8A938A9AFF /* texture.h */,
				6C7B95142C9A640C00C44D21 /* Assets.xcassets */,
				6C7B95482C9B7ED300C44D21 /* vec3.h */,
				6C7B95492C9B8F3300C44D21 /* color.h */,
				6C7B954A2C9B90A300C44D21 /* ray.h */,
				6C7B954B2C9BDB3400C44D21 /* sphere.h */,
				6C7B954C2C9BDBCB00C44D21 /* hittable_list.h */,
				6C7B954E2C9CC7B900C44D21 /* headers_and_constants.h */,
				6C7B954F2C9E31FB00C44D21 /* sdl_window.h */,
				6C754BBB2C9E8AE20096C59A /* interval.h */,
				6C754BBC2C9E8BA00096C59A /* camera.h */,
				6C754BBD2C9F5D360096C59A /* material.h */,
				6C423B9F2CA218570014C2EC /* cube.h */,
				6C423BA02CA397B50014C2EC /* light.h */,
			);
			path = RayTracer;
			sourceTree = "<group>";
		};
		6C7B95232C9A640C00C44D21 /* RayTracerTests */ = {
			isa = PBXGroup;
			children = (
				6C7B95242C9A640C00C44D21 /* RayTracerTests.mm */,
			);
			path = RayTracerTests;
			sourceTree = "<group>";
		};
		6C7B952D2C9A640C00C44D21 /* RayTracerUITests */ = {
			isa = PBXGroup;
			children = (
				6C7B952E2C9A640C00C44D21 /* RayTracerUITests.m */,
				6C7B95302C9A640C00C44D21 /* RayTracerUITestsLaunchTests.m */,
			);
			path = RayTracerUITests;
			sourceTree = "<group>";
		};
		6C7B953F2C9A666800C44D21 /* Frameworks */ = {
			isa = PBXGroup;
			children = (
				6C7B95412C9A666900C44D21 /* SDL2.framework */,
			);
			name = Frameworks;
			sourceTree = "<group>";
		};
/* End PBXGroup section */

/* Begin PBXNativeTarget section */
		6C7B95072C9A640A00C44D21 /* RayTracer */ = {
			isa = PBXNativeTarget;
			buildConfigurationList = 6C7B95342C9A640C00C44D21 /* Build configuration list for PBXNativeTarget "RayTracer" */;
			buildPhases = (
				6C7B95042C9A640A00C44D21 /* Sources */,
				6C7B95052C9A640A00C44D21 /* Frameworks */,
				6C7B95062C9A640A00C44D21 /* Resources */,
				6C7B95462C9A666900C44D21 /* Embed Frameworks */,
			);
			buildRules = (
			);
			dependencies = (
			);
			name = RayTracer;
			productName = RayTracer;
			productReference = 6C7B95082C9A640A00C44D21 /* RayTracer.app */;
			productType = "com.apple.product-type.application";
		};
		6C7B951F2C9A640C00C44D21 /* RayTracerTests */ = {
			isa = PBXNativeTarget;
			buildConfigurationList = 6C7B95372C9A640C00C44D21 /* Build configuration list for PBXNativeTarget "RayTracerTests" */;
			buildPhases = (
				6C7B951C2C9A640C00C44D21 /* Sources */,
				6C7B951D2C9A640C00C44D21 /* Frameworks */,
				6C7B951E2C9A640C00C44D21 /* Resources */,
			);
			buildRules = (
			);
			dependencies = (
				6C7B95222C9A640C00C44D21 /* PBXTargetDependency */,
			);
			name = RayTracerTests;
			productName = RayTracerTests;
			productReference = 6C7B95202C9A640C00C44D21 /* RayTracerTests.xctest */;
			productType = "com.apple.product-type.bundle.unit-test";
		};
		6C7B95292C9A640C00C44D21 /* RayTracerUITests */ = {
			isa = PBXNativeTarget;
			buildConfigurationList = 6C7B953A2C9A640C00C44D21 /* Build configuration list for PBXNativeTarget "RayTracerUITests" */;
			buildPhases = (
				6C7B95262C9A640C00C44D21 /* Sources */,
				6C7B95272C9A640C00C44D21 /* Frameworks */,
				6C7B95282C9A640C00C44D21 /* Resources */,
			);
			buildRules = (
			);
			dependencies = (
				6C7B952C2C9A640C00C44D21 /* PBXTargetDependency */,
			);
			name = RayTracerUITests;
			productName = RayTracerUITests;
			productReference = 6C7B952A2C9A640C00C44D21 /* RayTracerUITests.xctest */;
			productType = "com.apple.product-type.bundle.ui-testing";
		};
/* End PBXNativeTarget section */

/* Begin PBXProject section */
		6C7B95002C9A640A00C44D21 /* Project object */ = {
			isa = PBXProject;
			attributes = {
				BuildIndependentTargetsInParallel = 1;
				LastUpgradeCheck = 1540;
				TargetAttributes = {
					6C7B95072C9A640A00C44D21 = {
						CreatedOnToolsVersion = 15.4;
					};
					6C7B951F2C9A640C00C44D21 = {
						CreatedOnToolsVersion = 15.4;
						TestTargetID = 6C7B95072C9A640A00C44D21;
					};
					6C7B95292C9A640C00C44D21 = {
						CreatedOnToolsVersion = 15.4;
						TestTargetID = 6C7B95072C9A640A00C44D21;
					};
				};
			};
			buildConfigurationList = 6C7B95032C9A640A00C44D21 /* Build configuration list for PBXProject "RayTracer" */;
			compatibilityVersion = "Xcode 14.0";
			developmentRegion = en;
			hasScannedForEncodings = 0;
			knownRegions = (
				en,
				Base,
			);
			mainGroup = 6C7B94FF2C9A640A00C44D21;
			productRefGroup = 6C7B95092C9A640A00C44D21 /* Products */;
			projectDirPath = "";
			projectRoot = "";
			targets = (
				6C7B95072C9A640A00C44D21 /* RayTracer */,
				6C7B951F2C9A640C00C44D21 /* RayTracerTests */,
				6C7B95292C9A640C00C44D21 /* RayTracerUITests */,
			);
		};
/* End PBXProject section */

/* Begin PBXResourcesBuildPhase section */
		6C7B95062C9A640A00C44D21 /* Resources */ = {
			isa = PBXResourcesBuildPhase;
			buildActionMask = 2147483647;
			files = (
				6C7B95152C9A640C00C44D21 /* Assets.xcassets in Resources */,
			);
			runOnlyForDeploymentPostprocessing = 0;
		};
		6C7B951E2C9A640C00C44D21 /* Resources */ = {
			isa = PBXResourcesBuildPhase;
			buildActionMask = 2147483647;
			files = (
			);
			runOnlyForDeploymentPostprocessing = 0;
		};
		6C7B95282C9A640C00C44D21 /* Resources */ = {
			isa = PBXResourcesBuildPhase;
			buildActionMask = 2147483647;
			files = (
			);
			runOnlyForDeploymentPostprocessing = 0;
		};
/* End PBXResourcesBuildPhase section */

/* Begin PBXSourcesBuildPhase section */
		6C7B95042C9A640A00C44D21 /* Sources */ = {
			isa = PBXSourcesBuildPhase;
			buildActionMask = 2147483647;
			files = (
				6C7B953E2C9A659500C44D21 /* main.cpp in Sources */,
				EEC7FAC27E535FB3F3F3FF5B /* denoiser.cpp in Sources */,
				37A1DEFAEBF15F5FA052EBB0 /* caustics.cpp in Sources */,
				0F3CA6A56B68E9C8148808E4 /* mesh.cpp in Sources */,
				CDFA2D0C90A0A4E1D72BDBD0 /* framebuffer.cpp in Sources */,
				58395C74BBE8EC9DB30BFEAE /* integrator.cpp in Sources */,
				C14DA11F5223CB60208C9F5D /* renderer.cpp in Sources */,
				CEF3E328144FA4AAFF69E776 /* scene.cpp in Sources */,
				8271B81AA84B43FB22D921B1 /* sdl_window.cpp in Sources */,
			);
			runOnlyForDeploymentPostprocessing = 0;
		};
		6C7B951C2C9A640C00C44D21 /* Sources */ = {
			isa = PBXSourcesBuildPhase;
			buildActionMask = 2147483647;
			files = (
				6C7B95252C9A640C00C44D21 /* RayTracerTests.mm in Sources */,
			);
			runOnlyForDeploymentPostprocessing = 0;
		};
		6C7B95262C9A640C00C44D21 /* Sources */ = {
			isa = PBXSourcesBuildPhase;
			buildActionMask = 2147483647;
			files = (
				6C7B95312C9A640C00C44D21 /* RayTracerUITestsLaunchTests.m in Sources */,
				6C7B952F2C9A640C00C44D21 /* RayTracerUITests.m in Sources */,
			);
			runOnlyForDeploymentPostprocessing = 0;
		};
/* End PBXSourcesBuildPhase section */

/* Begin PBXTargetDependency section */
		6C7B95222C9A640C00C44D21 /* PBXTargetDependency */ = {
			isa = PBXTargetDependency;
			target = 6C7B95072C9A640A00C44D21 /* RayTracer */;
			targetProxy = 6C7B95212C9A640C00C44D21 /* PBXContainerItemProxy */;
		};
		6C7B952C2C9A640C00C44D21 /* PBXTargetDependency */ = {
			isa = PBXTargetDependency;
			target = 6C7B95072C9A640A00C44D21 /* RayTracer */;
			targetProxy = 6C7B952B2C9A640C00C44D21 /* PBXContainerItemProxy */;
		};
/* End PBXTargetDependency section */

/* Begin XCBuildConfiguration section */
		6C7B95322C9A640C00C44D21 /* Debug */ = {
			isa = XCBuildConfiguration;
			buildSettings = {
				ALWAYS_SEARCH_USER_PATHS = NO;
				ASSETCATALOG_COMPILER_GENERATE_SWIFT_ASSET_SYMBOL_EXTENSIONS = YES;
				CLANG_ANALYZER_NONNULL = YES;
				CLANG_ANALYZER_NUMBER_OBJECT_CONVERSION = YES_AGGRESSIVE;
				CLANG_CXX_LANGUAGE_STANDARD = "gnu++20";
				CLANG_ENABLE_MODULES = YES;
				CLANG_ENABLE_OBJC_ARC = YES;
				CLANG_ENABLE_OBJC_WEAK = YES;
				CLANG_WARN_BLOCK_CAPTURE_AUTORELEASING = YES;
				CLANG_WARN_BOOL_CONVERSION = YES;
				CLANG_WARN_COMMA = YES;
				CLANG_WARN_CONSTANT_CONVERSION = YES;
				CLANG_WARN_DEPRECATED_OBJC_IMPLEMENTATIONS = YES;
				CLANG_WARN_DIRECT_OBJC_ISA_USAGE = YES_ERROR;
				CLANG_WARN_DOCUMENTATION_COMMENTS = YES;
				CLANG_WARN_EMPTY_BODY = YES;
				CLANG_WARN_ENUM_CONVERSION = YES;
				CLANG_WARN_INFINITE_RECURSION = YES;
				CLANG_WARN_INT_CONVERSION = YES;
				CLANG_WARN_NON_LITERAL_NULL_CONVERSION = YES;
				CLANG_WARN_OBJC_IMPLICIT_RETAIN_SELF = YES;
				CLANG_WARN_OBJC_LITERAL_CONVERSION = YES;
				CLANG_WARN_OBJC_ROOT_CLASS = YES_ERROR;
				CLANG_WARN_QUOTED_INCLUDE_IN_FRAMEWORK_HEADER = YES;
				CLANG_WARN_RANGE_LOOP_ANALYSIS = YES;
				CLANG_WARN_STRICT_PROTOTYPES = YES;
				CLANG_WARN_SUSPICIOUS_MOVE = YES;
				CLANG_WARN_UNGUARDED_AVAILABILITY = YES_AGGRESSIVE;
				CLANG_WARN_UNREACHABLE_CODE = YES;
				CLANG_WARN__DUPLICATE_METHOD_MATCH = YES;
				COPY_PHASE_STRIP = NO;
				DEBUG_INFORMATION_FORMAT = dwarf;
				ENABLE_STRICT_OBJC_MSGSEND = YES;
				ENABLE_TESTABILITY = YES;
				ENABLE_USER_SCRIPT_SANDBOXING = YES;
				GCC_C_LANGUAGE_STANDARD = gnu17;
				GCC_DYNAMIC_NO_PIC = NO;
				GCC_NO_COMMON_BLOCKS = YES;
				GCC_OPTIMIZATION_LEVEL = 0;
				GCC_PREPROCESSOR_DEFINITIONS = (
					"DEBUG=1",
					"$(inherited)",
				);
				GCC_WARN_64_TO_32_BIT_CONVERSION = YES;
				GCC_WARN_ABOUT_RETURN_TYPE = YES_ERROR;
				GCC_WARN_UNDECLARED_SELECTOR = YES;
				GCC_WARN_UNINITIALIZED_AUTOS = YES_AGGRESSIVE;
				GCC_WARN_UNUSED_FUNCTION = YES;
				GCC_WARN_UNUSED_VARIABLE = YES;
				LOCALIZATION_PREFERS_STRING_CATALOGS = YES;
				MACOSX_DEPLOYMENT_TARGET = 14.5;
				MTL_ENABLE_DEBUG_INFO = INCLUDE_SOURCE;
				MTL_FAST_MATH = YES;
				ONLY_ACTIVE_ARCH = YES;
				SDKROOT = macosx;
			};
			name = Debug;
		};
		6C7B95332C9A640C00C44D21 /* Release */ = {
			isa = XCBuildConfiguration;
			buildSettings = {
				ALWAYS_SEARCH_USER_PATHS = NO;
				ASSETCATALOG_COMPILER_GENERATE_SWIFT_ASSET_SYMBOL_EXTENSIONS = YES;
				CLANG_ANALYZER_NONNULL = YES;
				CLANG_ANALYZER_NUMBER_OBJECT_CONVERSION = YES_AGGRESSIVE;
				CLANG_CXX_LANGUAGE_STANDARD = "gnu++20";
				CLANG_ENABLE_MODULES = YES;
				CLANG_ENABLE_OBJC_ARC = YES;
				CLANG_ENABLE_OBJC_WEAK = YES;
				CLANG_WARN_BLOCK_CAPTURE_AUTORELEASING = YES;
				CLANG_WARN_BOOL_CONVERSION = YES;
				CLANG_WARN_COMMA = YES;
				CLANG_WARN_CONSTANT_CONVERSION = YES;
				CLANG_WARN_DEPRECATED_OBJC_IMPLEMENTATIONS = YES;
				CLANG_WARN_DIRECT_OBJC_ISA_USAGE = YES_ERROR;
				CLANG_WARN_DOCUMENTATION_COMMENTS = YES;
				CLANG_WARN_EMPTY_BODY = YES;
				CLANG_WARN_ENUM_CONVERSION = YES;
				CLANG_WARN_INFINITE_RECURSION = YES;
				CLANG_WARN_INT_CONVERSION = YES;
				CLANG_WARN_NON_LITERAL_NULL_CONVERSION = YES;
				CLANG_WARN_OBJC_IMPLICIT_RETAIN_SELF = YES;
				CLANG_WARN_OBJC_LITERAL_CONVERSION = YES;
				CLANG_WARN_OBJC_ROOT_CLASS = YES_ERROR;
				CLANG_WARN_QUOTED_INCLUDE_IN_FRAMEWORK_HEADER = YES;
				CLANG_WARN_RANGE_LOOP_ANALYSIS = YES;
				CLANG_WARN_STRICT_PROTOTYPES = YES;
				CLANG_WARN_SUSPICIOUS_MOVE = YES;
				CLANG_WARN_UNGUARDED_AVAILABILITY = YES_AGGRESSIVE;
				CLANG_WARN_UNREACHABLE_CODE = YES;
				CLANG_WARN__DUPLICATE_METHOD_MATCH = YES;
				COPY_PHASE_STRIP = NO;
				DEBUG_INFORMATION_FORMAT = "dwarf-with-dsym";
				ENABLE_NS_ASSERTIONS = NO;
				ENABLE_STRICT_OBJC_MSGSEND = YES;
				ENABLE_USER_SCRIPT_SANDBOXING = YES;
				GCC_C_LANGUAGE_STANDARD = gnu17;
				GCC_NO_COMMON_BLOCKS = YES;
				GCC_WARN_64_TO_32_BIT_CONVERSION = YES;
				GCC_WARN_ABOUT_RETURN_TYPE = YES_ERROR;
				GCC_WARN_UNDECLARED_SELECTOR = YES;
				GCC_WARN_UNINITIALIZED_AUTOS = YES_AGGRESSIVE;
				GCC_WARN_UNUSED_FUNCTION = YES;
				GCC_WARN_UNUSED_VARIABLE = YES;
				LOCALIZATION_PREFERS_STRING_CATALOGS = YES;
				MACOSX_DEPLOYMENT_TARGET = 14.5;
				MTL_ENABLE_DEBUG_INFO = NO;
				MTL_FAST_MATH = YES;
				SDKROOT = macosx;
			};
			name = Release;
		};
		6C7B95352C9A640C00C44D21 /* Debug */ = {
			isa = XCBuildConfiguration;
			buildSettings = {
				ASSETCATALOG_COMPILER_APPICON_NAME = AppIcon;
				ASSETCATALOG_COMPILER_GLOBAL_ACCENT_COLOR_NAME = AccentColor;
				CODE_SIGN_STYLE = Manual;
				CODE_SIGN_IDENTITY = "-";
				COMBINE_HIDPI_IMAGES = YES;
				CURRENT_PROJECT_VERSION = 1;
				DEVELOPMENT_TEAM = "";
				ENABLE_HARDENED_RUNTIME = NO;
				FRAMEWORK_SEARCH_PATHS = (
					"$(inherited)",
					"$(PROJECT_DIR)",
				);
				GENERATE_INFOPLIST_FILE = YES;
				INFOPLIST_KEY_NSHumanReadableCopyright = "";
				INFOPLIST_KEY_NSPrincipalClass = NSApplication;
				LD_RUNPATH_SEARCH_PATHS = (
					"$(inherited)",
					"@executable_path/../Frameworks",
				);
				MARKETING_VERSION = 1.0;
				PRODUCT_BUNDLE_IDENTIFIER = com.zachsmartin.RayTracer;
				PRODUCT_NAME = "$(TARGET_NAME)";
				SWIFT_EMIT_LOC_STRINGS = YES;
			};
			name = Debug;
		};
		6C7B95362C9A640C00C44D21 /* Release */ = {
			isa = XCBuildConfiguration;
			buildSettings = {
				ASSETCATALOG_COMPILER_APPICON_NAME = AppIcon;
				ASSETCATALOG_COMPILER_GLOBAL_ACCENT_COLOR_NAME = AccentColor;
				CODE_SIGN_STYLE = Manual;
				CODE_SIGN_IDENTITY = "-";
				COMBINE_HIDPI_IMAGES = YES;
				CURRENT_PROJECT_VERSION = 1;
				DEVELOPMENT_TEAM = "";
				ENABLE_HARDENED_RUNTIME = NO;
				FRAMEWORK_SEARCH_PATHS = (
					"$(inherited)",
					"$(PROJECT_DIR)",
				);
				GENERATE_INFOPLIST_FILE = YES;
				INFOPLIST_KEY_NSHumanReadableCopyright = "";
				INFOPLIST_KEY_NSPrincipalClass = NSApplication;
				LD_RUNPATH_SEARCH_PATHS = (
					"$(inherited)",
					"@executable_path/../Frameworks",
				);
				MARKETING_VERSION = 1.0;
				PRODUCT_BUNDLE_IDENTIFIER = com.zachsmartin.RayTracer;
				PRODUCT_NAME = "$(TARGET_NAME)";
				SWIFT_EMIT_LOC_STRINGS = YES;
			};
			name = Release;
		};
		6C7B95382C9A640C00C44D21 /* Debug */ = {
			isa = XCBuildConfiguration;
			buildSettings = {
				CODE_SIGN_STYLE = Manual;
				CODE_SIGN_IDENTITY = "-";
				CURRENT_PROJECT_VERSION = 1;
				DEVELOPMENT_TEAM = "";
				GENERATE_INFOPLIST_FILE = YES;
				MACOSX_DEPLOYMENT_TARGET = 14.5;
				MARKETING_VERSION = 1.0;
				PRODUCT_BUNDLE_IDENTIFIER = com.zachsmartin.RayTracerTests;
				PRODUCT_NAME = "$(TARGET_NAME)";
				SWIFT_EMIT_LOC_STRINGS = NO;
			};
			name = Debug;
		};
		6C7B95392C9A640C00C44D21 /* Release */ = {
			isa = XCBuildConfiguration;
			buildSettings = {
				CODE_SIGN_STYLE = Manual;
				CODE_SIGN_IDENTITY = "-";
				CURRENT_PROJECT_VERSION = 1;
				DEVELOPMENT_TEAM = "";
				GENERATE_INFOPLIST_FILE = YES;
				MACOSX_DEPLOYMENT_TARGET = 14.5;
				MARKETING_VERSION = 1.0;
				PRODUCT_BUNDLE_IDENTIFIER = com.zachsmartin.RayTracerTests;
				PRODUCT_NAME = "$(TARGET_NAME)";
				SWIFT_EMIT_LOC_STRINGS = NO;
			};
			name = Release;
		};
		6C7B953B2C9A640C00C44D21 /* Debug */ = {
			isa = XCBuildConfiguration;
			buildSettings = {
				CODE_SIGN_STYLE = Manual;
				CODE_SIGN_IDENTITY = "-";
				CURRENT_PROJECT_VERSION = 1;
				DEVELOPMENT_TEAM = "";
				GENERATE_INFOPLIST_FILE = YES;
				MARKETING_VERSION = 1.0;
				PRODUCT_BUNDLE_IDENTIFIER = com.zachsmartin.RayTracerUITests;
				PRODUCT_NAME = "$(TARGET_NAME)";
				SWIFT_EMIT_LOC_STRINGS = NO;
				TEST_TARGET_NAME = RayTracer;
			};
			name = Debug;
		};
		6C7B953C2C9A640C00C44D21 /* Release */ = {
			isa = XCBuildConfiguration;
			buildSettings = {
				CODE_SIGN_STYLE = Manual;
				CODE_SIGN_IDENTITY = "-";
				CURRENT_PROJECT_VERSION = 1;
				DEVELOPMENT_TEAM = "";
				GENERATE_INFOPLIST_FILE = YES;
				MARKETING_VERSION = 1.0;
				PRODUCT_BUNDLE_IDENTIFIER = com.zachsmartin.RayTracerUITests;
				PRODUCT_NAME = "$(TARGET_NAME)";
				SWIFT_EMIT_LOC_STRINGS = NO;
				TEST_TARGET_NAME = RayTracer;
			};
			name = Release;
		};
/* End XCBuildConfiguration section */

/* Begin XCConfigurationList section */
		6C7B95032C9A640A00C44D21 /* Build configuration list for PBXProject "RayTracer" */ = {
			isa = XCConfigurationList;
			buildConfigurations = (
				6C7B95322C9A640C00C44D21 /* Debug */,
				6C7B95332C9A640C00C44D21 /* Release */,
			);
			defaultConfigurationIsVisible = 0;
			defaultConfigurationName = Release;
		};
		6C7B95342C9A640C00C44D21 /* Build configuration list for PBXNativeTarget "RayTracer" */ = {
			isa = XCConfigurationList;
			buildConfigurations = (
				6C7B95352C9A640C00C44D21 /* Debug */,
				6C7B95362C9A640C00C44D21 /* Release */,
			);
			defaultConfigurationIsVisible = 0;
			defaultConfigurationName = Release;
		};
		6C7B95372C9A640C00C44D21 /* Build configuration list for PBXNativeTarget "RayTracerTests" */ = {
			isa = XCConfigurationList;
			buildConfigurations = (
				6C7B95382C9A640C00C44D21 /* Debug */,
				6C7B95392C9A640C00C44D21 /* Release */,
			);
			defaultConfigurationIsVisible = 0;
			defaultConfigurationName = Release;
		};
		6C7B953A2C9A640C00C44D21 /* Build configuration list for PBXNativeTarget "RayTracerUITests" */ = {
			isa = XCConfigurationList;
			buildConfigurations = (
				6C7B953B2C9A640C00C44D21 /* Debug */,
				6C7B953C2C9A640C00C44D21 /* Release */,
			);
			defaultConfigurationIsVisible = 0;
			defaultConfigurationName = Release;
		};
/* End XCConfigurationList section */

	};
	rootObject = 6C7B95002C9A640A00C44D21 /* Project object */;
}
